
Microsoft Visual Studio Solution File, Format Version 10.00
# Visual Studio 2008
Project("{FAE04EC0-301F-11D3-BF4B-00C04F79EFBC}") = "binviz_0.05", "binviz_0.01\binviz_0.05.csproj", "{60FE6B2B-E1B1-4611-940F-5BF003AF2784}"
EndProject
Global
	GlobalSection(SolutionConfigurationPlatforms) = preSolution
		Debug|Any CPU = Debug|Any CPU
		Release|Any CPU = Release|Any CPU
	EndGlobalSection
	GlobalSection(ProjectConfigurationPlatforms) = postSolution
		{60FE6B2B-E1B1-4611-940F-5BF003AF2784}.Debug|Any CPU.ActiveCfg = Debug|Any CPU
		{60FE6B2B-E1B1-4611-940F-5BF003AF2784}.Debug|Any CPU.Build.0 = Debug|Any CPU
		{60FE6B2B-E1B1-4611-940F-5BF003AF2784}.Release|Any CPU.ActiveCfg = Release|Any CPU
		{60FE6B2B-E1B1-4611-940F-5BF003AF2784}.Release|Any CPU.Build.0 = Release|Any CPU
	EndGlobalSection
	GlobalSection(SolutionProperties) = preSolution
		HideSolutionNode = FALSE
	EndGlobalSection
EndGlobal
